
Microsoft Visual Studio Solution File, Format Version 12.00
# Visual Studio Version 16
VisualStudioVersion = 16.0.30413.136
MinimumVisualStudioVersion = 10.0.40219.1
Project("{8BC9CEB8-8B4A-11D0-8D11-00A0C91BC942}") = "zadEcickl", "zadEcickl.vcxproj", "{C55AAB56-0D9D-4504-B5D6-F671C757ADAC}"
EndProject
Global
	GlobalSection(SolutionConfigurationPlatforms) = preSolution
		Debug|x64 = Debug|x64
		Debug|x86 = Debug|x86
		Release|x64 = Release|x64
		Release|x86 = Release|x86
	EndGlobalSection
	GlobalSection(ProjectConfigurationPlatforms) = postSolution
		{C55AAB56-0D9D-4504-B5D6-F671C757ADAC}.Debug|x64.ActiveCfg = Debug|x64
		{C55AAB56-0D9D-4504-B5D6-F671C757ADAC}.Debug|x64.Build.0 = Debug|x64
		{C55AAB56-0D9D-4504-B5D6-F671C757ADAC}.Debug|x86.ActiveCfg = Debug|Win32
		{C55AAB56-0D9D-4504-B5D6-F671C757ADAC}.Debug|x86.Build.0 = Debug|Win32
		{C55AAB56-0D9D-4504-B5D6-F671C757ADAC}.Release|x64.ActiveCfg = Release|x64
		{C55AAB56-0D9D-4504-B5D6-F671C757ADAC}.Release|x64.Build.0 = Release|x64
		{C55AAB56-0D9D-4504-B5D6-F671C757ADAC}.Release|x86.ActiveCfg = Release|Win32
		{C55AAB56-0D9D-4504-B5D6-F671C757ADAC}.Release|x86.Build.0 = Release|Win32
	EndGlobalSection
	GlobalSection(SolutionProperties) = preSolution
		HideSolutionNode = FALSE
	EndGlobalSection
	GlobalSection(ExtensibilityGlobals) = postSolution
		SolutionGuid = {44B02CCD-9AE3-4993-B938-F07F3CB81B61}
	EndGlobalSection
EndGlobal
