
Microsoft Visual Studio Solution File, Format Version 12.00
# Visual Studio Version 16
VisualStudioVersion = 16.0.30413.136
MinimumVisualStudioVersion = 10.0.40219.1
Project("{8BC9CEB8-8B4A-11D0-8D11-00A0C91BC942}") = "zadF", "zadF.vcxproj", "{48DE4107-45A7-4996-9D11-2A42DFFFF902}"
EndProject
Global
	GlobalSection(SolutionConfigurationPlatforms) = preSolution
		Debug|x64 = Debug|x64
		Debug|x86 = Debug|x86
		Release|x64 = Release|x64
		Release|x86 = Release|x86
	EndGlobalSection
	GlobalSection(ProjectConfigurationPlatforms) = postSolution
		{48DE4107-45A7-4996-9D11-2A42DFFFF902}.Debug|x64.ActiveCfg = Debug|x64
		{48DE4107-45A7-4996-9D11-2A42DFFFF902}.Debug|x64.Build.0 = Debug|x64
		{48DE4107-45A7-4996-9D11-2A42DFFFF902}.Debug|x86.ActiveCfg = Debug|Win32
		{48DE4107-45A7-4996-9D11-2A42DFFFF902}.Debug|x86.Build.0 = Debug|Win32
		{48DE4107-45A7-4996-9D11-2A42DFFFF902}.Release|x64.ActiveCfg = Release|x64
		{48DE4107-45A7-4996-9D11-2A42DFFFF902}.Release|x64.Build.0 = Release|x64
		{48DE4107-45A7-4996-9D11-2A42DFFFF902}.Release|x86.ActiveCfg = Release|Win32
		{48DE4107-45A7-4996-9D11-2A42DFFFF902}.Release|x86.Build.0 = Release|Win32
	EndGlobalSection
	GlobalSection(SolutionProperties) = preSolution
		HideSolutionNode = FALSE
	EndGlobalSection
	GlobalSection(ExtensibilityGlobals) = postSolution
		SolutionGuid = {E01A4CD7-8DC6-4AE8-815D-2340241F79B2}
	EndGlobalSection
EndGlobal
