
Microsoft Visual Studio Solution File, Format Version 12.00
# Visual Studio Version 16
VisualStudioVersion = 16.0.30413.136
MinimumVisualStudioVersion = 10.0.40219.1
Project("{8BC9CEB8-8B4A-11D0-8D11-00A0C91BC942}") = "zC", "zC.vcxproj", "{0B653DA6-66DA-444A-A301-3D0AB346905E}"
EndProject
Global
	GlobalSection(SolutionConfigurationPlatforms) = preSolution
		Debug|x64 = Debug|x64
		Debug|x86 = Debug|x86
		Release|x64 = Release|x64
		Release|x86 = Release|x86
	EndGlobalSection
	GlobalSection(ProjectConfigurationPlatforms) = postSolution
		{0B653DA6-66DA-444A-A301-3D0AB346905E}.Debug|x64.ActiveCfg = Debug|x64
		{0B653DA6-66DA-444A-A301-3D0AB346905E}.Debug|x64.Build.0 = Debug|x64
		{0B653DA6-66DA-444A-A301-3D0AB346905E}.Debug|x86.ActiveCfg = Debug|Win32
		{0B653DA6-66DA-444A-A301-3D0AB346905E}.Debug|x86.Build.0 = Debug|Win32
		{0B653DA6-66DA-444A-A301-3D0AB346905E}.Release|x64.ActiveCfg = Release|x64
		{0B653DA6-66DA-444A-A301-3D0AB346905E}.Release|x64.Build.0 = Release|x64
		{0B653DA6-66DA-444A-A301-3D0AB346905E}.Release|x86.ActiveCfg = Release|Win32
		{0B653DA6-66DA-444A-A301-3D0AB346905E}.Release|x86.Build.0 = Release|Win32
	EndGlobalSection
	GlobalSection(SolutionProperties) = preSolution
		HideSolutionNode = FALSE
	EndGlobalSection
	GlobalSection(ExtensibilityGlobals) = postSolution
		SolutionGuid = {46A22E6B-F1BF-46CA-87F0-21143550CF31}
	EndGlobalSection
EndGlobal
